// !$*UTF8*$!
{
	archiveVersion = 1;
	classes = {
	};
	objectVersion = 46;
	objects = {

/* Begin PBXBuildFile section */
		1F8CB5F41D9B135C00F404E9 /* AppDelegate.swift in Sources */ = {isa = PBXBuildFile; fileRef = 1F8CB5F31D9B135C00F404E9 /* AppDelegate.swift */; };
		1F8CB5F61D9B135C00F404E9 /* ViewController.swift in Sources */ = {isa = PBXBuildFile; fileRef = 1F8CB5F51D9B135C00F404E9 /* ViewController.swift */; };
		1F8CB5F91D9B135C00F404E9 /* Main.storyboard in Resources */ = {isa = PBXBuildFile; fileRef = 1F8CB5F71D9B135C00F404E9 /* Main.storyboard */; };
		1F8CB5FB1D9B135C00F404E9 /* Assets.xcassets in Resources */ = {isa = PBXBuildFile; fileRef = 1F8CB5FA1D9B135C00F404E9 /* Assets.xcassets */; };
		1F8CB5FE1D9B135C00F404E9 /* LaunchScreen.storyboard in Resources */ = {isa = PBXBuildFile; fileRef = 1F8CB5FC1D9B135C00F404E9 /* LaunchScreen.storyboard */; };
		1F8CB6091D9B135C00F404E9 /* CelyExampleTests.swift in Sources */ = {isa = PBXBuildFile; fileRef = 1F8CB6081D9B135C00F404E9 /* CelyExampleTests.swift */; };
		1F8CB6141D9B135D00F404E9 /* CelyExampleUITests.swift in Sources */ = {isa = PBXBuildFile; fileRef = 1F8CB6131D9B135D00F404E9 /* CelyExampleUITests.swift */; };
		1F8CB66F1D9B152900F404E9 /* Cely.framework in Frameworks */ = {isa = PBXBuildFile; fileRef = 1F8CB66E1D9B152900F404E9 /* Cely.framework */; };
		1F8CB6701D9B152900F404E9 /* Cely.framework in Embed Frameworks */ = {isa = PBXBuildFile; fileRef = 1F8CB66E1D9B152900F404E9 /* Cely.framework */; settings = {ATTRIBUTES = (CodeSignOnCopy, RemoveHeadersOnCopy, ); }; };
		1FE3E28A1D9B19D10007C51E /* User.swift in Sources */ = {isa = PBXBuildFile; fileRef = 1FE3E2891D9B19D10007C51E /* User.swift */; };
		3153755A1DB2C74F009E1113 /* SettingsViewController.swift in Sources */ = {isa = PBXBuildFile; fileRef = 315375591DB2C74F009E1113 /* SettingsViewController.swift */; };
/* End PBXBuildFile section */

/* Begin PBXContainerItemProxy section */
		1F8CB6051D9B135C00F404E9 /* PBXContainerItemProxy */ = {
			isa = PBXContainerItemProxy;
			containerPortal = 1F8CB5E81D9B135C00F404E9 /* Project object */;
			proxyType = 1;
			remoteGlobalIDString = 1F8CB5EF1D9B135C00F404E9;
			remoteInfo = CelyExample;
		};
		1F8CB6101D9B135D00F404E9 /* PBXContainerItemProxy */ = {
			isa = PBXContainerItemProxy;
			containerPortal = 1F8CB5E81D9B135C00F404E9 /* Project object */;
			proxyType = 1;
			remoteGlobalIDString = 1F8CB5EF1D9B135C00F404E9;
			remoteInfo = CelyExample;
		};
/* End PBXContainerItemProxy section */

/* Begin PBXCopyFilesBuildPhase section */
		1F8CB6711D9B152900F404E9 /* Embed Frameworks */ = {
			isa = PBXCopyFilesBuildPhase;
			buildActionMask = 2147483647;
			dstPath = "";
			dstSubfolderSpec = 10;
			files = (
				1F8CB6701D9B152900F404E9 /* Cely.framework in Embed Frameworks */,
			);
			name = "Embed Frameworks";
			runOnlyForDeploymentPostprocessing = 0;
		};
/* End PBXCopyFilesBuildPhase section */

/* Begin PBXFileReference section */
		1F8CB5F01D9B135C00F404E9 /* CelyExample.app */ = {isa = PBXFileReference; explicitFileType = wrapper.application; includeInIndex = 0; path = CelyExample.app; sourceTree = BUILT_PRODUCTS_DIR; };
		1F8CB5F31D9B135C00F404E9 /* AppDelegate.swift */ = {isa = PBXFileReference; lastKnownFileType = sourcecode.swift; path = AppDelegate.swift; sourceTree = "<group>"; };
		1F8CB5F51D9B135C00F404E9 /* ViewController.swift */ = {isa = PBXFileReference; lastKnownFileType = sourcecode.swift; path = ViewController.swift; sourceTree = "<group>"; };
		1F8CB5F81D9B135C00F404E9 /* Base */ = {isa = PBXFileReference; lastKnownFileType = file.storyboard; name = Base; path = Base.lproj/Main.storyboard; sourceTree = "<group>"; };
		1F8CB5FA1D9B135C00F404E9 /* Assets.xcassets */ = {isa = PBXFileReference; lastKnownFileType = folder.assetcatalog; path = Assets.xcassets; sourceTree = "<group>"; };
		1F8CB5FD1D9B135C00F404E9 /* Base */ = {isa = PBXFileReference; lastKnownFileType = file.storyboard; name = Base; path = Base.lproj/LaunchScreen.storyboard; sourceTree = "<group>"; };
		1F8CB5FF1D9B135C00F404E9 /* Info.plist */ = {isa = PBXFileReference; lastKnownFileType = text.plist.xml; path = Info.plist; sourceTree = "<group>"; };
		1F8CB6041D9B135C00F404E9 /* CelyExampleTests.xctest */ = {isa = PBXFileReference; explicitFileType = wrapper.cfbundle; includeInIndex = 0; path = CelyExampleTests.xctest; sourceTree = BUILT_PRODUCTS_DIR; };
		1F8CB6081D9B135C00F404E9 /* CelyExampleTests.swift */ = {isa = PBXFileReference; lastKnownFileType = sourcecode.swift; path = CelyExampleTests.swift; sourceTree = "<group>"; };
		1F8CB60A1D9B135C00F404E9 /* Info.plist */ = {isa = PBXFileReference; lastKnownFileType = text.plist.xml; path = Info.plist; sourceTree = "<group>"; };
		1F8CB60F1D9B135D00F404E9 /* CelyExampleUITests.xctest */ = {isa = PBXFileReference; explicitFileType = wrapper.cfbundle; includeInIndex = 0; path = CelyExampleUITests.xctest; sourceTree = BUILT_PRODUCTS_DIR; };
		1F8CB6131D9B135D00F404E9 /* CelyExampleUITests.swift */ = {isa = PBXFileReference; lastKnownFileType = sourcecode.swift; path = CelyExampleUITests.swift; sourceTree = "<group>"; };
		1F8CB6151D9B135D00F404E9 /* Info.plist */ = {isa = PBXFileReference; lastKnownFileType = text.plist.xml; path = Info.plist; sourceTree = "<group>"; };
		1F8CB66C1D9B144300F404E9 /* Cely.framework */ = {isa = PBXFileReference; lastKnownFileType = wrapper.framework; name = Cely.framework; path = "../build/Debug-iphoneos/Cely.framework"; sourceTree = "<group>"; };
		1F8CB66E1D9B152900F404E9 /* Cely.framework */ = {isa = PBXFileReference; explicitFileType = wrapper.framework; path = Cely.framework; sourceTree = BUILT_PRODUCTS_DIR; };
		1FE3E2891D9B19D10007C51E /* User.swift */ = {isa = PBXFileReference; fileEncoding = 4; lastKnownFileType = sourcecode.swift; path = User.swift; sourceTree = "<group>"; };
		315375591DB2C74F009E1113 /* SettingsViewController.swift */ = {isa = PBXFileReference; fileEncoding = 4; lastKnownFileType = sourcecode.swift; path = SettingsViewController.swift; sourceTree = "<group>"; };
/* End PBXFileReference section */

/* Begin PBXFrameworksBuildPhase section */
		1F8CB5ED1D9B135C00F404E9 /* Frameworks */ = {
			isa = PBXFrameworksBuildPhase;
			buildActionMask = 2147483647;
			files = (
				1F8CB66F1D9B152900F404E9 /* Cely.framework in Frameworks */,
			);
			runOnlyForDeploymentPostprocessing = 0;
		};
		1F8CB6011D9B135C00F404E9 /* Frameworks */ = {
			isa = PBXFrameworksBuildPhase;
			buildActionMask = 2147483647;
			files = (
			);
			runOnlyForDeploymentPostprocessing = 0;
		};
		1F8CB60C1D9B135D00F404E9 /* Frameworks */ = {
			isa = PBXFrameworksBuildPhase;
			buildActionMask = 2147483647;
			files = (
			);
			runOnlyForDeploymentPostprocessing = 0;
		};
/* End PBXFrameworksBuildPhase section */

/* Begin PBXGroup section */
		1F8CB5E71D9B135C00F404E9 = {
			isa = PBXGroup;
			children = (
				1F8CB5F21D9B135C00F404E9 /* CelyExample */,
				1F8CB6071D9B135C00F404E9 /* CelyExampleTests */,
				1F8CB6121D9B135D00F404E9 /* CelyExampleUITests */,
				1F8CB5F11D9B135C00F404E9 /* Products */,
				1F8CB66B1D9B144300F404E9 /* Frameworks */,
			);
			sourceTree = "<group>";
		};
		1F8CB5F11D9B135C00F404E9 /* Products */ = {
			isa = PBXGroup;
			children = (
				1F8CB5F01D9B135C00F404E9 /* CelyExample.app */,
				1F8CB6041D9B135C00F404E9 /* CelyExampleTests.xctest */,
				1F8CB60F1D9B135D00F404E9 /* CelyExampleUITests.xctest */,
			);
			name = Products;
			sourceTree = "<group>";
		};
		1F8CB5F21D9B135C00F404E9 /* CelyExample */ = {
			isa = PBXGroup;
			children = (
				1F8CB5F31D9B135C00F404E9 /* AppDelegate.swift */,
				1F8CB5F51D9B135C00F404E9 /* ViewController.swift */,
				1F8CB5F71D9B135C00F404E9 /* Main.storyboard */,
				1F8CB5FA1D9B135C00F404E9 /* Assets.xcassets */,
				1F8CB5FC1D9B135C00F404E9 /* LaunchScreen.storyboard */,
				1F8CB5FF1D9B135C00F404E9 /* Info.plist */,
				1FE3E2891D9B19D10007C51E /* User.swift */,
				315375591DB2C74F009E1113 /* SettingsViewController.swift */,
			);
			path = CelyExample;
			sourceTree = "<group>";
		};
		1F8CB6071D9B135C00F404E9 /* CelyExampleTests */ = {
			isa = PBXGroup;
			children = (
				1F8CB6081D9B135C00F404E9 /* CelyExampleTests.swift */,
				1F8CB60A1D9B135C00F404E9 /* Info.plist */,
			);
			path = CelyExampleTests;
			sourceTree = "<group>";
		};
		1F8CB6121D9B135D00F404E9 /* CelyExampleUITests */ = {
			isa = PBXGroup;
			children = (
				1F8CB6131D9B135D00F404E9 /* CelyExampleUITests.swift */,
				1F8CB6151D9B135D00F404E9 /* Info.plist */,
			);
			path = CelyExampleUITests;
			sourceTree = "<group>";
		};
		1F8CB66B1D9B144300F404E9 /* Frameworks */ = {
			isa = PBXGroup;
			children = (
				1F8CB66E1D9B152900F404E9 /* Cely.framework */,
				1F8CB66C1D9B144300F404E9 /* Cely.framework */,
			);
			name = Frameworks;
			sourceTree = "<group>";
		};
/* End PBXGroup section */

/* Begin PBXNativeTarget section */
		1F8CB5EF1D9B135C00F404E9 /* CelyExample */ = {
			isa = PBXNativeTarget;
			buildConfigurationList = 1F8CB6181D9B135D00F404E9 /* Build configuration list for PBXNativeTarget "CelyExample" */;
			buildPhases = (
				1F8CB5EC1D9B135C00F404E9 /* Sources */,
				1F8CB5ED1D9B135C00F404E9 /* Frameworks */,
				1F8CB5EE1D9B135C00F404E9 /* Resources */,
				1F8CB6711D9B152900F404E9 /* Embed Frameworks */,
			);
			buildRules = (
			);
			dependencies = (
			);
			name = CelyExample;
			productName = CelyExample;
			productReference = 1F8CB5F01D9B135C00F404E9 /* CelyExample.app */;
			productType = "com.apple.product-type.application";
		};
		1F8CB6031D9B135C00F404E9 /* CelyExampleTests */ = {
			isa = PBXNativeTarget;
			buildConfigurationList = 1F8CB61B1D9B135D00F404E9 /* Build configuration list for PBXNativeTarget "CelyExampleTests" */;
			buildPhases = (
				1F8CB6001D9B135C00F404E9 /* Sources */,
				1F8CB6011D9B135C00F404E9 /* Frameworks */,
				1F8CB6021D9B135C00F404E9 /* Resources */,
			);
			buildRules = (
			);
			dependencies = (
				1F8CB6061D9B135C00F404E9 /* PBXTargetDependency */,
			);
			name = CelyExampleTests;
			productName = CelyExampleTests;
			productReference = 1F8CB6041D9B135C00F404E9 /* CelyExampleTests.xctest */;
			productType = "com.apple.product-type.bundle.unit-test";
		};
		1F8CB60E1D9B135D00F404E9 /* CelyExampleUITests */ = {
			isa = PBXNativeTarget;
			buildConfigurationList = 1F8CB61E1D9B135D00F404E9 /* Build configuration list for PBXNativeTarget "CelyExampleUITests" */;
			buildPhases = (
				1F8CB60B1D9B135D00F404E9 /* Sources */,
				1F8CB60C1D9B135D00F404E9 /* Frameworks */,
				1F8CB60D1D9B135D00F404E9 /* Resources */,
			);
			buildRules = (
			);
			dependencies = (
				1F8CB6111D9B135D00F404E9 /* PBXTargetDependency */,
			);
			name = CelyExampleUITests;
			productName = CelyExampleUITests;
			productReference = 1F8CB60F1D9B135D00F404E9 /* CelyExampleUITests.xctest */;
			productType = "com.apple.product-type.bundle.ui-testing";
		};
/* End PBXNativeTarget section */

/* Begin PBXProject section */
		1F8CB5E81D9B135C00F404E9 /* Project object */ = {
			isa = PBXProject;
			attributes = {
				LastSwiftUpdateCheck = 0800;
				LastUpgradeCheck = 0800;
				ORGANIZATIONNAME = "Fabian Buentello";
				TargetAttributes = {
					1F8CB5EF1D9B135C00F404E9 = {
						CreatedOnToolsVersion = 8.0;
						DevelopmentTeam = 7CX9JN6SPG;
						ProvisioningStyle = Automatic;
					};
					1F8CB6031D9B135C00F404E9 = {
						CreatedOnToolsVersion = 8.0;
						DevelopmentTeam = 7CX9JN6SPG;
						ProvisioningStyle = Automatic;
						TestTargetID = 1F8CB5EF1D9B135C00F404E9;
					};
					1F8CB60E1D9B135D00F404E9 = {
						CreatedOnToolsVersion = 8.0;
						DevelopmentTeam = 7CX9JN6SPG;
						ProvisioningStyle = Automatic;
						TestTargetID = 1F8CB5EF1D9B135C00F404E9;
					};
				};
			};
			buildConfigurationList = 1F8CB5EB1D9B135C00F404E9 /* Build configuration list for PBXProject "CelyExample" */;
			compatibilityVersion = "Xcode 3.2";
			developmentRegion = English;
			hasScannedForEncodings = 0;
			knownRegions = (
				en,
				Base,
			);
			mainGroup = 1F8CB5E71D9B135C00F404E9;
			productRefGroup = 1F8CB5F11D9B135C00F404E9 /* Products */;
			projectDirPath = "";
			projectRoot = "";
			targets = (
				1F8CB5EF1D9B135C00F404E9 /* CelyExample */,
				1F8CB6031D9B135C00F404E9 /* CelyExampleTests */,
				1F8CB60E1D9B135D00F404E9 /* CelyExampleUITests */,
			);
		};
/* End PBXProject section */

/* Begin PBXResourcesBuildPhase section */
		1F8CB5EE1D9B135C00F404E9 /* Resources */ = {
			isa = PBXResourcesBuildPhase;
			buildActionMask = 2147483647;
			files = (
				1F8CB5FE1D9B135C00F404E9 /* LaunchScreen.storyboard in Resources */,
				1F8CB5FB1D9B135C00F404E9 /* Assets.xcassets in Resources */,
				1F8CB5F91D9B135C00F404E9 /* Main.storyboard in Resources */,
			);
			runOnlyForDeploymentPostprocessing = 0;
		};
		1F8CB6021D9B135C00F404E9 /* Resources */ = {
			isa = PBXResourcesBuildPhase;
			buildActionMask = 2147483647;
			files = (
			);
			runOnlyForDeploymentPostprocessing = 0;
		};
		1F8CB60D1D9B135D00F404E9 /* Resources */ = {
			isa = PBXResourcesBuildPhase;
			buildActionMask = 2147483647;
			files = (
			);
			runOnlyForDeploymentPostprocessing = 0;
		};
/* End PBXResourcesBuildPhase section */

/* Begin PBXSourcesBuildPhase section */
		1F8CB5EC1D9B135C00F404E9 /* Sources */ = {
			isa = PBXSourcesBuildPhase;
			buildActionMask = 2147483647;
			files = (
				1F8CB5F61D9B135C00F404E9 /* ViewController.swift in Sources */,
				1F8CB5F41D9B135C00F404E9 /* AppDelegate.swift in Sources */,
				1FE3E28A1D9B19D10007C51E /* User.swift in Sources */,
				3153755A1DB2C74F009E1113 /* SettingsViewController.swift in Sources */,
			);
			runOnlyForDeploymentPostprocessing = 0;
		};
		1F8CB6001D9B135C00F404E9 /* Sources */ = {
			isa = PBXSourcesBuildPhase;
			buildActionMask = 2147483647;
			files = (
				1F8CB6091D9B135C00F404E9 /* CelyExampleTests.swift in Sources */,
			);
			runOnlyForDeploymentPostprocessing = 0;
		};
		1F8CB60B1D9B135D00F404E9 /* Sources */ = {
			isa = PBXSourcesBuildPhase;
			buildActionMask = 2147483647;
			files = (
				1F8CB6141D9B135D00F404E9 /* CelyExampleUITests.swift in Sources */,
			);
			runOnlyForDeploymentPostprocessing = 0;
		};
/* End PBXSourcesBuildPhase section */

/* Begin PBXTargetDependency section */
		1F8CB6061D9B135C00F404E9 /* PBXTargetDependency */ = {
			isa = PBXTargetDependency;
			target = 1F8CB5EF1D9B135C00F404E9 /* CelyExample */;
			targetProxy = 1F8CB6051D9B135C00F404E9 /* PBXContainerItemProxy */;
		};
		1F8CB6111D9B135D00F404E9 /* PBXTargetDependency */ = {
			isa = PBXTargetDependency;
			target = 1F8CB5EF1D9B135C00F404E9 /* CelyExample */;
			targetProxy = 1F8CB6101D9B135D00F404E9 /* PBXContainerItemProxy */;
		};
/* End PBXTargetDependency section */

/* Begin PBXVariantGroup section */
		1F8CB5F71D9B135C00F404E9 /* Main.storyboard */ = {
			isa = PBXVariantGroup;
			children = (
				1F8CB5F81D9B135C00F404E9 /* Base */,
			);
			name = Main.storyboard;
			sourceTree = "<group>";
		};
		1F8CB5FC1D9B135C00F404E9 /* LaunchScreen.storyboard */ = {
			isa = PBXVariantGroup;
			children = (
				1F8CB5FD1D9B135C00F404E9 /* Base */,
			);
			name = LaunchScreen.storyboard;
			sourceTree = "<group>";
		};
/* End PBXVariantGroup section */

/* Begin XCBuildConfiguration section */
		1F8CB6161D9B135D00F404E9 /* Debug */ = {
			isa = XCBuildConfiguration;
			buildSettings = {
				ALWAYS_SEARCH_USER_PATHS = NO;
				CLANG_ANALYZER_NONNULL = YES;
				CLANG_CXX_LANGUAGE_STANDARD = "gnu++0x";
				CLANG_CXX_LIBRARY = "libc++";
				CLANG_ENABLE_MODULES = YES;
				CLANG_ENABLE_OBJC_ARC = YES;
				CLANG_WARN_BOOL_CONVERSION = YES;
				CLANG_WARN_CONSTANT_CONVERSION = YES;
				CLANG_WARN_DIRECT_OBJC_ISA_USAGE = YES_ERROR;
				CLANG_WARN_DOCUMENTATION_COMMENTS = YES;
				CLANG_WARN_EMPTY_BODY = YES;
				CLANG_WARN_ENUM_CONVERSION = YES;
				CLANG_WARN_INFINITE_RECURSION = YES;
				CLANG_WARN_INT_CONVERSION = YES;
				CLANG_WARN_OBJC_ROOT_CLASS = YES_ERROR;
				CLANG_WARN_SUSPICIOUS_MOVES = YES;
				CLANG_WARN_UNREACHABLE_CODE = YES;
				CLANG_WARN__DUPLICATE_METHOD_MATCH = YES;
				"CODE_SIGN_IDENTITY[sdk=iphoneos*]" = "iPhone Developer";
				COPY_PHASE_STRIP = NO;
				DEBUG_INFORMATION_FORMAT = dwarf;
				ENABLE_STRICT_OBJC_MSGSEND = YES;
				ENABLE_TESTABILITY = YES;
				GCC_C_LANGUAGE_STANDARD = gnu99;
				GCC_DYNAMIC_NO_PIC = NO;
				GCC_NO_COMMON_BLOCKS = YES;
				GCC_OPTIMIZATION_LEVEL = 0;
				GCC_PREPROCESSOR_DEFINITIONS = (
					"DEBUG=1",
					"$(inherited)",
				);
				GCC_WARN_64_TO_32_BIT_CONVERSION = YES;
				GCC_WARN_ABOUT_RETURN_TYPE = YES_ERROR;
				GCC_WARN_UNDECLARED_SELECTOR = YES;
				GCC_WARN_UNINITIALIZED_AUTOS = YES_AGGRESSIVE;
				GCC_WARN_UNUSED_FUNCTION = YES;
				GCC_WARN_UNUSED_VARIABLE = YES;
				IPHONEOS_DEPLOYMENT_TARGET = 10.0;
				MTL_ENABLE_DEBUG_INFO = YES;
				ONLY_ACTIVE_ARCH = YES;
				SDKROOT = iphoneos;
				SWIFT_ACTIVE_COMPILATION_CONDITIONS = DEBUG;
				SWIFT_OPTIMIZATION_LEVEL = "-Onone";
				TARGETED_DEVICE_FAMILY = "1,2";
			};
			name = Debug;
		};
		1F8CB6171D9B135D00F404E9 /* Release */ = {
			isa = XCBuildConfiguration;
			buildSettings = {
				ALWAYS_SEARCH_USER_PATHS = NO;
				CLANG_ANALYZER_NONNULL = YES;
				CLANG_CXX_LANGUAGE_STANDARD = "gnu++0x";
				CLANG_CXX_LIBRARY = "libc++";
				CLANG_ENABLE_MODULES = YES;
				CLANG_ENABLE_OBJC_ARC = YES;
				CLANG_WARN_BOOL_CONVERSION = YES;
				CLANG_WARN_CONSTANT_CONVERSION = YES;
				CLANG_WARN_DIRECT_OBJC_ISA_USAGE = YES_ERROR;
				CLANG_WARN_DOCUMENTATION_COMMENTS = YES;
				CLANG_WARN_EMPTY_BODY = YES;
				CLANG_WARN_ENUM_CONVERSION = YES;
				CLANG_WARN_INFINITE_RECURSION = YES;
				CLANG_WARN_INT_CONVERSION = YES;
				CLANG_WARN_OBJC_ROOT_CLASS = YES_ERROR;
				CLANG_WARN_SUSPICIOUS_MOVES = YES;
				CLANG_WARN_UNREACHABLE_CODE = YES;
				CLANG_WARN__DUPLICATE_METHOD_MATCH = YES;
				"CODE_SIGN_IDENTITY[sdk=iphoneos*]" = "iPhone Developer";
				COPY_PHASE_STRIP = NO;
				DEBUG_INFORMATION_FORMAT = "dwarf-with-dsym";
				ENABLE_NS_ASSERTIONS = NO;
				ENABLE_STRICT_OBJC_MSGSEND = YES;
				GCC_C_LANGUAGE_STANDARD = gnu99;
				GCC_NO_COMMON_BLOCKS = YES;
				GCC_WARN_64_TO_32_BIT_CONVERSION = YES;
				GCC_WARN_ABOUT_RETURN_TYPE = YES_ERROR;
				GCC_WARN_UNDECLARED_SELECTOR = YES;
				GCC_WARN_UNINITIALIZED_AUTOS = YES_AGGRESSIVE;
				GCC_WARN_UNUSED_FUNCTION = YES;
				GCC_WARN_UNUSED_VARIABLE = YES;
				IPHONEOS_DEPLOYMENT_TARGET = 10.0;
				MTL_ENABLE_DEBUG_INFO = NO;
				SDKROOT = iphoneos;
				SWIFT_OPTIMIZATION_LEVEL = "-Owholemodule";
				TARGETED_DEVICE_FAMILY = "1,2";
				VALIDATE_PRODUCT = YES;
			};
			name = Release;
		};
		1F8CB6191D9B135D00F404E9 /* Debug */ = {
			isa = XCBuildConfiguration;
			buildSettings = {
				ASSETCATALOG_COMPILER_APPICON_NAME = AppIcon;
				DEVELOPMENT_TEAM = 7CX9JN6SPG;
				INFOPLIST_FILE = CelyExample/Info.plist;
				LD_RUNPATH_SEARCH_PATHS = "$(inherited) @executable_path/Frameworks";
				PRODUCT_BUNDLE_IDENTIFIER = com.buentello.CelyExample;
				PRODUCT_NAME = "$(TARGET_NAME)";
				SWIFT_VERSION = 3.0;
			};
			name = Debug;
		};
		1F8CB61A1D9B135D00F404E9 /* Release */ = {
			isa = XCBuildConfiguration;
			buildSettings = {
				ASSETCATALOG_COMPILER_APPICON_NAME = AppIcon;
				DEVELOPMENT_TEAM = 7CX9JN6SPG;
				INFOPLIST_FILE = CelyExample/Info.plist;
				LD_RUNPATH_SEARCH_PATHS = "$(inherited) @executable_path/Frameworks";
				PRODUCT_BUNDLE_IDENTIFIER = com.buentello.CelyExample;
				PRODUCT_NAME = "$(TARGET_NAME)";
				SWIFT_VERSION = 3.0;
			};
			name = Release;
		};
		1F8CB61C1D9B135D00F404E9 /* Debug */ = {
			isa = XCBuildConfiguration;
			buildSettings = {
				ALWAYS_EMBED_SWIFT_STANDARD_LIBRARIES = YES;
				BUNDLE_LOADER = "$(TEST_HOST)";
				DEVELOPMENT_TEAM = 7CX9JN6SPG;
				INFOPLIST_FILE = CelyExampleTests/Info.plist;
				LD_RUNPATH_SEARCH_PATHS = "$(inherited) @executable_path/Frameworks @loader_path/Frameworks";
				PRODUCT_BUNDLE_IDENTIFIER = com.buentello.CelyExampleTests;
				PRODUCT_NAME = "$(TARGET_NAME)";
				SWIFT_VERSION = 3.0;
				TEST_HOST = "$(BUILT_PRODUCTS_DIR)/CelyExample.app/CelyExample";
			};
			name = Debug;
		};
		1F8CB61D1D9B135D00F404E9 /* Release */ = {
			isa = XCBuildConfiguration;
			buildSettings = {
				ALWAYS_EMBED_SWIFT_STANDARD_LIBRARIES = YES;
				BUNDLE_LOADER = "$(TEST_HOST)";
				DEVELOPMENT_TEAM = 7CX9JN6SPG;
				INFOPLIST_FILE = CelyExampleTests/Info.plist;
				LD_RUNPATH_SEARCH_PATHS = "$(inherited) @executable_path/Frameworks @loader_path/Frameworks";
				PRODUCT_BUNDLE_IDENTIFIER = com.buentello.CelyExampleTests;
				PRODUCT_NAME = "$(TARGET_NAME)";
				SWIFT_VERSION = 3.0;
				TEST_HOST = "$(BUILT_PRODUCTS_DIR)/CelyExample.app/CelyExample";
			};
			name = Release;
		};
		1F8CB61F1D9B135D00F404E9 /* Debug */ = {
			isa = XCBuildConfiguration;
			buildSettings = {
				ALWAYS_EMBED_SWIFT_STANDARD_LIBRARIES = YES;
				DEVELOPMENT_TEAM = 7CX9JN6SPG;
				INFOPLIST_FILE = CelyExampleUITests/Info.plist;
				LD_RUNPATH_SEARCH_PATHS = "$(inherited) @executable_path/Frameworks @loader_path/Frameworks";
				PRODUCT_BUNDLE_IDENTIFIER = com.buentello.CelyExampleUITests;
				PRODUCT_NAME = "$(TARGET_NAME)";
				SWIFT_VERSION = 3.0;
				TEST_TARGET_NAME = CelyExample;
			};
			name = Debug;
		};
		1F8CB6201D9B135D00F404E9 /* Release */ = {
			isa = XCBuildConfiguration;
			buildSettings = {
				ALWAYS_EMBED_SWIFT_STANDARD_LIBRARIES = YES;
				DEVELOPMENT_TEAM = 7CX9JN6SPG;
				INFOPLIST_FILE = CelyExampleUITests/Info.plist;
				LD_RUNPATH_SEARCH_PATHS = "$(inherited) @executable_path/Frameworks @loader_path/Frameworks";
				PRODUCT_BUNDLE_IDENTIFIER = com.buentello.CelyExampleUITests;
				PRODUCT_NAME = "$(TARGET_NAME)";
				SWIFT_VERSION = 3.0;
				TEST_TARGET_NAME = CelyExample;
			};
			name = Release;
		};
/* End XCBuildConfiguration section */

/* Begin XCConfigurationList section */
		1F8CB5EB1D9B135C00F404E9 /* Build configuration list for PBXProject "CelyExample" */ = {
			isa = XCConfigurationList;
			buildConfigurations = (
				1F8CB6161D9B135D00F404E9 /* Debug */,
				1F8CB6171D9B135D00F404E9 /* Release */,
			);
			defaultConfigurationIsVisible = 0;
			defaultConfigurationName = Release;
		};
		1F8CB6181D9B135D00F404E9 /* Build configuration list for PBXNativeTarget "CelyExample" */ = {
			isa = XCConfigurationList;
			buildConfigurations = (
				1F8CB6191D9B135D00F404E9 /* Debug */,
				1F8CB61A1D9B135D00F404E9 /* Release */,
			);
			defaultConfigurationIsVisible = 0;
			defaultConfigurationName = Release;
		};
		1F8CB61B1D9B135D00F404E9 /* Build configuration list for PBXNativeTarget "CelyExampleTests" */ = {
			isa = XCConfigurationList;
			buildConfigurations = (
				1F8CB61C1D9B135D00F404E9 /* Debug */,
				1F8CB61D1D9B135D00F404E9 /* Release */,
			);
			defaultConfigurationIsVisible = 0;
			defaultConfigurationName = Release;
		};
		1F8CB61E1D9B135D00F404E9 /* Build configuration list for PBXNativeTarget "CelyExampleUITests" */ = {
			isa = XCConfigurationList;
			buildConfigurations = (
				1F8CB61F1D9B135D00F404E9 /* Debug */,
				1F8CB6201D9B135D00F404E9 /* Release */,
			);
			defaultConfigurationIsVisible = 0;
			defaultConfigurationName = Release;
		};
/* End XCConfigurationList section */
	};
	rootObject = 1F8CB5E81D9B135C00F404E9 /* Project object */;
}
